{
  "nodes": {
    "nixpkgs": {
      "locked": {
        "narHash": "sha256-+352TESgZk6n3CJccsgLHEGDRVBd1ljQHo6K8y65Pf8=",
        "path": "/nix/store/dvsd5mpwv44yz07bx5qfxs6igh3zdvi8-source",
        "type": "path"
      },
      "original": {
        "id": "nixpkgs",
        "type": "indirect"
      }
    },
    "root": {
      "inputs": {
        "nixpkgs": "nixpkgs"
      }
    }
  },
  "root": "root",
  "version": 7
}
